PODS:
  - PointCheckoutSdk (1.1)

DEPENDENCIES:
  - PointCheckoutSdk (from `../merchant-ios-sdk`)

EXTERNAL SOURCES:
  PointCheckoutSdk:
    :path: "../merchant-ios-sdk"

SPEC CHECKSUMS:
  PointCheckoutSdk: 55da2d45561767d73f5b919e0b5b8c250db5b91d

PODFILE CHECKSUM: bf99008f53dc61f7f9db90b5bada1c7dc78ccf21

COCOAPODS: 1.8.4
